
Microsoft Visual Studio Solution File, Format Version 12.00
# Visual Studio Version 17
VisualStudioVersion = 17.3.32819.101
MinimumVisualStudioVersion = 10.0.40219.1
Project("{9A19103F-16F7-4668-BE54-9A1E7A4F7556}") = "KampIntro", "KampIntro\KampIntro.csproj", "{2C15346F-FFF3-4562-B52A-A7A8CEA16E03}"
EndProject
Project("{9A19103F-16F7-4668-BE54-9A1E7A4F7556}") = "Donguler", "Donguler\Donguler.csproj", "{F0AE9291-BDEC-4894-9051-04C446B20C3B}"
EndProject
Project("{9A19103F-16F7-4668-BE54-9A1E7A4F7556}") = "ClassIntro", "ClassIntro\ClassIntro.csproj", "{C683B293-517F-484B-9743-EA931A33497E}"
EndProject
Project("{9A19103F-16F7-4668-BE54-9A1E7A4F7556}") = "odev2", "odev2\odev2.csproj", "{97F719C6-B0F6-4275-8D3F-997E137555BB}"
EndProject
Project("{9A19103F-16F7-4668-BE54-9A1E7A4F7556}") = "Metotlar", "Metotlar\Metotlar.csproj", "{57B83D60-6EFF-4FF1-9321-79894B798974}"
EndProject
Project("{9A19103F-16F7-4668-BE54-9A1E7A4F7556}") = "Matematik", "Matematik\Matematik.csproj", "{3619C785-9463-49AF-BBC4-0DF3F616C0F2}"
EndProject
Project("{9A19103F-16F7-4668-BE54-9A1E7A4F7556}") = "DegerVeRefaransTipler", "DegerVeRefaransTipler\DegerVeRefaransTipler.csproj", "{A8415231-E67B-4E5E-96D0-542BF29A76D2}"
EndProject
Project("{9A19103F-16F7-4668-BE54-9A1E7A4F7556}") = "OOP1", "OOP1\OOP1.csproj", "{65D8CE09-88CF-4049-8E0A-EB46EE543208}"
EndProject
Project("{9A19103F-16F7-4668-BE54-9A1E7A4F7556}") = "Koleksiyonlar", "Koleksiyonlar\Koleksiyonlar.csproj", "{EF512DEA-3EF3-4550-AFFB-B0A97B4B2460}"
EndProject
Project("{9A19103F-16F7-4668-BE54-9A1E7A4F7556}") = "GenericsIntro", "GenericsIntro\GenericsIntro.csproj", "{43E72E32-AD51-4A82-8D2A-C6D0B52736F1}"
EndProject
Project("{9A19103F-16F7-4668-BE54-9A1E7A4F7556}") = "Constructors", "Constructors\Constructors.csproj", "{C331BBE4-3F16-47BC-A1E5-54757846A500}"
EndProject
Project("{9A19103F-16F7-4668-BE54-9A1E7A4F7556}") = "Generics", "Generics\Generics.csproj", "{D4E278E0-C76E-4F68-9402-49FB3324A73C}"
EndProject
Project("{9A19103F-16F7-4668-BE54-9A1E7A4F7556}") = "MyDictionary", "MyDictionary\MyDictionary.csproj", "{850034A6-35EF-4ECB-93DC-A50A2484259D}"
EndProject
Project("{9A19103F-16F7-4668-BE54-9A1E7A4F7556}") = "OOP2", "OOP2\OOP2.csproj", "{F83C8656-80F4-4CA6-8118-E38501AEDA0E}"
EndProject
Project("{9A19103F-16F7-4668-BE54-9A1E7A4F7556}") = "OOP3", "OOP3\OOP3.csproj", "{2BC6C2C9-FFCE-4AB5-B5BE-FF05618CDCF2}"
EndProject
Project("{FAE04EC0-301F-11D3-BF4B-00C04F79EFBC}") = "RecapDemo1", "RecapDemo1\RecapDemo1.csproj", "{88167666-381D-4A95-B5AC-3F85FC0F0B8C}"
EndProject
Project("{FAE04EC0-301F-11D3-BF4B-00C04F79EFBC}") = "Interfaces", "Interfaces\Interfaces.csproj", "{B0A15831-EF3C-4B98-8166-996CA3C10E1C}"
EndProject
Project("{FAE04EC0-301F-11D3-BF4B-00C04F79EFBC}") = "InterfacesDemo", "InterfacesDemo\InterfacesDemo.csproj", "{F3141171-C25F-43DB-AA8B-E4A9775EB0DC}"
EndProject
Project("{FAE04EC0-301F-11D3-BF4B-00C04F79EFBC}") = "Inheritance", "Inheritance\Inheritance.csproj", "{36B74D34-C490-43B7-BB46-1FE94CDEBBA8}"
EndProject
Project("{FAE04EC0-301F-11D3-BF4B-00C04F79EFBC}") = "Interfaces2", "Interfaces2\Interfaces2.csproj", "{A06C1D4B-FB16-467A-ACD6-6F722D892520}"
EndProject
Project("{FAE04EC0-301F-11D3-BF4B-00C04F79EFBC}") = "InterfaceAbstractDemo", "InterfaceAbstractDemo\InterfaceAbstractDemo.csproj", "{44F13F4A-652F-44FF-AFB7-40609E41D4EB}"
EndProject
Project("{FAE04EC0-301F-11D3-BF4B-00C04F79EFBC}") = "GameProject", "GameProject\GameProject.csproj", "{15388951-4F15-4373-8BC4-EA1B364D72A4}"
EndProject
Project("{FAE04EC0-301F-11D3-BF4B-00C04F79EFBC}") = "LinqProject", "LinqProject\LinqProject.csproj", "{EDD14917-D893-4D0E-825C-158B93C1E8F9}"
EndProject
Global
	GlobalSection(SolutionConfigurationPlatforms) = preSolution
		Debug|Any CPU = Debug|Any CPU
		Release|Any CPU = Release|Any CPU
	EndGlobalSection
	GlobalSection(ProjectConfigurationPlatforms) = postSolution
		{2C15346F-FFF3-4562-B52A-A7A8CEA16E03}.Debug|Any CPU.ActiveCfg = Debug|Any CPU
		{2C15346F-FFF3-4562-B52A-A7A8CEA16E03}.Debug|Any CPU.Build.0 = Debug|Any CPU
		{2C15346F-FFF3-4562-B52A-A7A8CEA16E03}.Release|Any CPU.ActiveCfg = Release|Any CPU
		{2C15346F-FFF3-4562-B52A-A7A8CEA16E03}.Release|Any CPU.Build.0 = Release|Any CPU
		{F0AE9291-BDEC-4894-9051-04C446B20C3B}.Debug|Any CPU.ActiveCfg = Debug|Any CPU
		{F0AE9291-BDEC-4894-9051-04C446B20C3B}.Debug|Any CPU.Build.0 = Debug|Any CPU
		{F0AE9291-BDEC-4894-9051-04C446B20C3B}.Release|Any CPU.ActiveCfg = Release|Any CPU
		{F0AE9291-BDEC-4894-9051-04C446B20C3B}.Release|Any CPU.Build.0 = Release|Any CPU
		{C683B293-517F-484B-9743-EA931A33497E}.Debug|Any CPU.ActiveCfg = Debug|Any CPU
		{C683B293-517F-484B-9743-EA931A33497E}.Debug|Any CPU.Build.0 = Debug|Any CPU
		{C683B293-517F-484B-9743-EA931A33497E}.Release|Any CPU.ActiveCfg = Release|Any CPU
		{C683B293-517F-484B-9743-EA931A33497E}.Release|Any CPU.Build.0 = Release|Any CPU
		{97F719C6-B0F6-4275-8D3F-997E137555BB}.Debug|Any CPU.ActiveCfg = Debug|Any CPU
		{97F719C6-B0F6-4275-8D3F-997E137555BB}.Debug|Any CPU.Build.0 = Debug|Any CPU
		{97F719C6-B0F6-4275-8D3F-997E137555BB}.Release|Any CPU.ActiveCfg = Release|Any CPU
		{97F719C6-B0F6-4275-8D3F-997E137555BB}.Release|Any CPU.Build.0 = Release|Any CPU
		{57B83D60-6EFF-4FF1-9321-79894B798974}.Debug|Any CPU.ActiveCfg = Debug|Any CPU
		{57B83D60-6EFF-4FF1-9321-79894B798974}.Debug|Any CPU.Build.0 = Debug|Any CPU
		{57B83D60-6EFF-4FF1-9321-79894B798974}.Release|Any CPU.ActiveCfg = Release|Any CPU
		{57B83D60-6EFF-4FF1-9321-79894B798974}.Release|Any CPU.Build.0 = Release|Any CPU
		{3619C785-9463-49AF-BBC4-0DF3F616C0F2}.Debug|Any CPU.ActiveCfg = Debug|Any CPU
		{3619C785-9463-49AF-BBC4-0DF3F616C0F2}.Debug|Any CPU.Build.0 = Debug|Any CPU
		{3619C785-9463-49AF-BBC4-0DF3F616C0F2}.Release|Any CPU.ActiveCfg = Release|Any CPU
		{3619C785-9463-49AF-BBC4-0DF3F616C0F2}.Release|Any CPU.Build.0 = Release|Any CPU
		{A8415231-E67B-4E5E-96D0-542BF29A76D2}.Debug|Any CPU.ActiveCfg = Debug|Any CPU
		{A8415231-E67B-4E5E-96D0-542BF29A76D2}.Debug|Any CPU.Build.0 = Debug|Any CPU
		{A8415231-E67B-4E5E-96D0-542BF29A76D2}.Release|Any CPU.ActiveCfg = Release|Any CPU
		{A8415231-E67B-4E5E-96D0-542BF29A76D2}.Release|Any CPU.Build.0 = Release|Any CPU
		{65D8CE09-88CF-4049-8E0A-EB46EE543208}.Debug|Any CPU.ActiveCfg = Debug|Any CPU
		{65D8CE09-88CF-4049-8E0A-EB46EE543208}.Debug|Any CPU.Build.0 = Debug|Any CPU
		{65D8CE09-88CF-4049-8E0A-EB46EE543208}.Release|Any CPU.ActiveCfg = Release|Any CPU
		{65D8CE09-88CF-4049-8E0A-EB46EE543208}.Release|Any CPU.Build.0 = Release|Any CPU
		{EF512DEA-3EF3-4550-AFFB-B0A97B4B2460}.Debug|Any CPU.ActiveCfg = Debug|Any CPU
		{EF512DEA-3EF3-4550-AFFB-B0A97B4B2460}.Debug|Any CPU.Build.0 = Debug|Any CPU
		{EF512DEA-3EF3-4550-AFFB-B0A97B4B2460}.Release|Any CPU.ActiveCfg = Release|Any CPU
		{EF512DEA-3EF3-4550-AFFB-B0A97B4B2460}.Release|Any CPU.Build.0 = Release|Any CPU
		{43E72E32-AD51-4A82-8D2A-C6D0B52736F1}.Debug|Any CPU.ActiveCfg = Debug|Any CPU
		{43E72E32-AD51-4A82-8D2A-C6D0B52736F1}.Debug|Any CPU.Build.0 = Debug|Any CPU
		{43E72E32-AD51-4A82-8D2A-C6D0B52736F1}.Release|Any CPU.ActiveCfg = Release|Any CPU
		{43E72E32-AD51-4A82-8D2A-C6D0B52736F1}.Release|Any CPU.Build.0 = Release|Any CPU
		{C331BBE4-3F16-47BC-A1E5-54757846A500}.Debug|Any CPU.ActiveCfg = Debug|Any CPU
		{C331BBE4-3F16-47BC-A1E5-54757846A500}.Debug|Any CPU.Build.0 = Debug|Any CPU
		{C331BBE4-3F16-47BC-A1E5-54757846A500}.Release|Any CPU.ActiveCfg = Release|Any CPU
		{C331BBE4-3F16-47BC-A1E5-54757846A500}.Release|Any CPU.Build.0 = Release|Any CPU
		{D4E278E0-C76E-4F68-9402-49FB3324A73C}.Debug|Any CPU.ActiveCfg = Debug|Any CPU
		{D4E278E0-C76E-4F68-9402-49FB3324A73C}.Debug|Any CPU.Build.0 = Debug|Any CPU
		{D4E278E0-C76E-4F68-9402-49FB3324A73C}.Release|Any CPU.ActiveCfg = Release|Any CPU
		{D4E278E0-C76E-4F68-9402-49FB3324A73C}.Release|Any CPU.Build.0 = Release|Any CPU
		{850034A6-35EF-4ECB-93DC-A50A2484259D}.Debug|Any CPU.ActiveCfg = Debug|Any CPU
		{850034A6-35EF-4ECB-93DC-A50A2484259D}.Debug|Any CPU.Build.0 = Debug|Any CPU
		{850034A6-35EF-4ECB-93DC-A50A2484259D}.Release|Any CPU.ActiveCfg = Release|Any CPU
		{850034A6-35EF-4ECB-93DC-A50A2484259D}.Release|Any CPU.Build.0 = Release|Any CPU
		{F83C8656-80F4-4CA6-8118-E38501AEDA0E}.Debug|Any CPU.ActiveCfg = Debug|Any CPU
		{F83C8656-80F4-4CA6-8118-E38501AEDA0E}.Debug|Any CPU.Build.0 = Debug|Any CPU
		{F83C8656-80F4-4CA6-8118-E38501AEDA0E}.Release|Any CPU.ActiveCfg = Release|Any CPU
		{F83C8656-80F4-4CA6-8118-E38501AEDA0E}.Release|Any CPU.Build.0 = Release|Any CPU
		{2BC6C2C9-FFCE-4AB5-B5BE-FF05618CDCF2}.Debug|Any CPU.ActiveCfg = Debug|Any CPU
		{2BC6C2C9-FFCE-4AB5-B5BE-FF05618CDCF2}.Debug|Any CPU.Build.0 = Debug|Any CPU
		{2BC6C2C9-FFCE-4AB5-B5BE-FF05618CDCF2}.Release|Any CPU.ActiveCfg = Release|Any CPU
		{2BC6C2C9-FFCE-4AB5-B5BE-FF05618CDCF2}.Release|Any CPU.Build.0 = Release|Any CPU
		{88167666-381D-4A95-B5AC-3F85FC0F0B8C}.Debug|Any CPU.ActiveCfg = Debug|Any CPU
		{88167666-381D-4A95-B5AC-3F85FC0F0B8C}.Debug|Any CPU.Build.0 = Debug|Any CPU
		{88167666-381D-4A95-B5AC-3F85FC0F0B8C}.Release|Any CPU.ActiveCfg = Release|Any CPU
		{88167666-381D-4A95-B5AC-3F85FC0F0B8C}.Release|Any CPU.Build.0 = Release|Any CPU
		{B0A15831-EF3C-4B98-8166-996CA3C10E1C}.Debug|Any CPU.ActiveCfg = Debug|Any CPU
		{B0A15831-EF3C-4B98-8166-996CA3C10E1C}.Debug|Any CPU.Build.0 = Debug|Any CPU
		{B0A15831-EF3C-4B98-8166-996CA3C10E1C}.Release|Any CPU.ActiveCfg = Release|Any CPU
		{B0A15831-EF3C-4B98-8166-996CA3C10E1C}.Release|Any CPU.Build.0 = Release|Any CPU
		{F3141171-C25F-43DB-AA8B-E4A9775EB0DC}.Debug|Any CPU.ActiveCfg = Debug|Any CPU
		{F3141171-C25F-43DB-AA8B-E4A9775EB0DC}.Debug|Any CPU.Build.0 = Debug|Any CPU
		{F3141171-C25F-43DB-AA8B-E4A9775EB0DC}.Release|Any CPU.ActiveCfg = Release|Any CPU
		{F3141171-C25F-43DB-AA8B-E4A9775EB0DC}.Release|Any CPU.Build.0 = Release|Any CPU
		{36B74D34-C490-43B7-BB46-1FE94CDEBBA8}.Debug|Any CPU.ActiveCfg = Debug|Any CPU
		{36B74D34-C490-43B7-BB46-1FE94CDEBBA8}.Debug|Any CPU.Build.0 = Debug|Any CPU
		{36B74D34-C490-43B7-BB46-1FE94CDEBBA8}.Release|Any CPU.ActiveCfg = Release|Any CPU
		{36B74D34-C490-43B7-BB46-1FE94CDEBBA8}.Release|Any CPU.Build.0 = Release|Any CPU
		{A06C1D4B-FB16-467A-ACD6-6F722D892520}.Debug|Any CPU.ActiveCfg = Debug|Any CPU
		{A06C1D4B-FB16-467A-ACD6-6F722D892520}.Debug|Any CPU.Build.0 = Debug|Any CPU
		{A06C1D4B-FB16-467A-ACD6-6F722D892520}.Release|Any CPU.ActiveCfg = Release|Any CPU
		{A06C1D4B-FB16-467A-ACD6-6F722D892520}.Release|Any CPU.Build.0 = Release|Any CPU
		{44F13F4A-652F-44FF-AFB7-40609E41D4EB}.Debug|Any CPU.ActiveCfg = Debug|Any CPU
		{44F13F4A-652F-44FF-AFB7-40609E41D4EB}.Debug|Any CPU.Build.0 = Debug|Any CPU
		{44F13F4A-652F-44FF-AFB7-40609E41D4EB}.Release|Any CPU.ActiveCfg = Release|Any CPU
		{44F13F4A-652F-44FF-AFB7-40609E41D4EB}.Release|Any CPU.Build.0 = Release|Any CPU
		{15388951-4F15-4373-8BC4-EA1B364D72A4}.Debug|Any CPU.ActiveCfg = Debug|Any CPU
		{15388951-4F15-4373-8BC4-EA1B364D72A4}.Debug|Any CPU.Build.0 = Debug|Any CPU
		{15388951-4F15-4373-8BC4-EA1B364D72A4}.Release|Any CPU.ActiveCfg = Release|Any CPU
		{15388951-4F15-4373-8BC4-EA1B364D72A4}.Release|Any CPU.Build.0 = Release|Any CPU
		{EDD14917-D893-4D0E-825C-158B93C1E8F9}.Debug|Any CPU.ActiveCfg = Debug|Any CPU
		{EDD14917-D893-4D0E-825C-158B93C1E8F9}.Debug|Any CPU.Build.0 = Debug|Any CPU
		{EDD14917-D893-4D0E-825C-158B93C1E8F9}.Release|Any CPU.ActiveCfg = Release|Any CPU
		{EDD14917-D893-4D0E-825C-158B93C1E8F9}.Release|Any CPU.Build.0 = Release|Any CPU
	EndGlobalSection
	GlobalSection(SolutionProperties) = preSolution
		HideSolutionNode = FALSE
	EndGlobalSection
	GlobalSection(ExtensibilityGlobals) = postSolution
		SolutionGuid = {EBD57E0B-3D12-48FF-B48B-65E2008A78A2}
	EndGlobalSection
EndGlobal
